Microsoft Visual Studio Solution File, Format Version 12.00
# Visual Studio Version 17
VisualStudioVersion = 17.5.2.0
MinimumVisualStudioVersion = 10.0.40219.1
Project("{FAE04EC0-301F-11D3-BF4B-00C04F79EFBC}") = "WallhackPluginCS2", "WallhackPluginCS2.csproj", "{3DF4C54D-0A1B-1DD2-E08E-BC00200BE123}"
EndProject
Global
	GlobalSection(SolutionConfigurationPlatforms) = preSolution
		Debug|Any CPU = Debug|Any CPU
		Release|Any CPU = Release|Any CPU
	EndGlobalSection
	GlobalSection(ProjectConfigurationPlatforms) = postSolution
		{3DF4C54D-0A1B-1DD2-E08E-BC00200BE123}.Debug|Any CPU.ActiveCfg = Debug|Any CPU
		{3DF4C54D-0A1B-1DD2-E08E-BC00200BE123}.Debug|Any CPU.Build.0 = Debug|Any CPU
		{3DF4C54D-0A1B-1DD2-E08E-BC00200BE123}.Release|Any CPU.ActiveCfg = Release|Any CPU
		{3DF4C54D-0A1B-1DD2-E08E-BC00200BE123}.Release|Any CPU.Build.0 = Release|Any CPU
	EndGlobalSection
	GlobalSection(SolutionProperties) = preSolution
		HideSolutionNode = FALSE
	EndGlobalSection
	GlobalSection(ExtensibilityGlobals) = postSolution
		SolutionGuid = {414B1813-9386-444E-B980-D8A24F49E045}
	EndGlobalSection
EndGlobal
